
Microsoft Visual Studio Solution File, Format Version 12.00
# Visual Studio Version 17
VisualStudioVersion = 17.10.34928.147
MinimumVisualStudioVersion = 10.0.40219.1
Project("{FAE04EC0-301F-11D3-BF4B-00C04F79EFBC}") = "esantacruz_sistemaCalificcionesS2", "esantacruz_sistemaCalificcionesS2\esantacruz_sistemaCalificcionesS2.csproj", "{7BADA1EF-E083-4142-B215-0D95F6627B1D}"
EndProject
Global
	GlobalSection(SolutionConfigurationPlatforms) = preSolution
		Debug|Any CPU = Debug|Any CPU
		Release|Any CPU = Release|Any CPU
	EndGlobalSection
	GlobalSection(ProjectConfigurationPlatforms) = postSolution
		{7BADA1EF-E083-4142-B215-0D95F6627B1D}.Debug|Any CPU.ActiveCfg = Debug|Any CPU
		{7BADA1EF-E083-4142-B215-0D95F6627B1D}.Debug|Any CPU.Build.0 = Debug|Any CPU
		{7BADA1EF-E083-4142-B215-0D95F6627B1D}.Debug|Any CPU.Deploy.0 = Debug|Any CPU
		{7BADA1EF-E083-4142-B215-0D95F6627B1D}.Release|Any CPU.ActiveCfg = Release|Any CPU
		{7BADA1EF-E083-4142-B215-0D95F6627B1D}.Release|Any CPU.Build.0 = Release|Any CPU
		{7BADA1EF-E083-4142-B215-0D95F6627B1D}.Release|Any CPU.Deploy.0 = Release|Any CPU
	EndGlobalSection
	GlobalSection(SolutionProperties) = preSolution
		HideSolutionNode = FALSE
	EndGlobalSection
	GlobalSection(ExtensibilityGlobals) = postSolution
		SolutionGuid = {F9766174-17BE-4E0F-AEBC-2F89D2D662B7}
	EndGlobalSection
EndGlobal
